// !$*UTF8*$!
{
	archiveVersion = 1;
	classes = {
	};
	objectVersion = 77;
	objects = {

/* Begin PBXBuildFile section */
		968BAE4C2CDC3D4B00DBFCB2 /* DishDashGameContext.swift in Sources */ = {isa = PBXBuildFile; fileRef = 968BAE4B2CDC3D4B00DBFCB2 /* DishDashGameContext.swift */; };
		96DEC1522CD97E98004F914F /* Actions.sks in Resources */ = {isa = PBXBuildFile; fileRef = 96DEC1482CD97E98004F914F /* Actions.sks */; };
		96DEC1532CD97E98004F914F /* Assets.xcassets in Resources */ = {isa = PBXBuildFile; fileRef = 96DEC14A2CD97E98004F914F /* Assets.xcassets */; };
		96DEC1542CD97E98004F914F /* GameScene.sks in Resources */ = {isa = PBXBuildFile; fileRef = 96DEC14B2CD97E98004F914F /* GameScene.sks */; };
		96DEC1552CD97E98004F914F /* LaunchScreen.storyboard in Resources */ = {isa = PBXBuildFile; fileRef = 96DEC14E2CD97E98004F914F /* LaunchScreen.storyboard */; };
		96DEC1562CD97E98004F914F /* Main.storyboard in Resources */ = {isa = PBXBuildFile; fileRef = 96DEC14F2CD97E98004F914F /* Main.storyboard */; };
		96DEC1582CD97E98004F914F /* GameScene.swift in Sources */ = {isa = PBXBuildFile; fileRef = 96DEC14C2CD97E98004F914F /* GameScene.swift */; };
		96DEC1592CD97E98004F914F /* GameViewController.swift in Sources */ = {isa = PBXBuildFile; fileRef = 96DEC14D2CD97E98004F914F /* GameViewController.swift */; };
		96DEC1732CD981D4004F914F /* GameContext.swift in Sources */ = {isa = PBXBuildFile; fileRef = 96DEC1692CD97FAA004F914F /* GameContext.swift */; };
		96DEC1742CD981D4004F914F /* Dependencies.swift in Sources */ = {isa = PBXBuildFile; fileRef = 96DEC1682CD97FAA004F914F /* Dependencies.swift */; };
		96DEC1752CD981D4004F914F /* GameModeType.swift in Sources */ = {isa = PBXBuildFile; fileRef = 96DEC16A2CD97FAA004F914F /* GameModeType.swift */; };
		96DEC1762CD981D4004F914F /* GameType.swift in Sources */ = {isa = PBXBuildFile; fileRef = 96DEC16B2CD97FAA004F914F /* GameType.swift */; };
		96DEC1872CD9B64F004F914F /* Assets 2.xcassets in Resources */ = {isa = PBXBuildFile; fileRef = 96DEC1852CD9B64F004F914F /* Assets 2.xcassets */; };
		96DEC18A2CD9BE9B004F914F /* RestaurantTileSet.sks in Resources */ = {isa = PBXBuildFile; fileRef = 96DEC1892CD9BE9B004F914F /* RestaurantTileSet.sks */; };
/* End PBXBuildFile section */

/* Begin PBXContainerItemProxy section */
		963774902CBE305B00FFFCBA /* PBXContainerItemProxy */ = {
			isa = PBXContainerItemProxy;
			containerPortal = 9637746E2CBE305A00FFFCBA /* Project object */;
			proxyType = 1;
			remoteGlobalIDString = 963774752CBE305A00FFFCBA;
			remoteInfo = DishDash;
		};
		9637749A2CBE305B00FFFCBA /* PBXContainerItemProxy */ = {
			isa = PBXContainerItemProxy;
			containerPortal = 9637746E2CBE305A00FFFCBA /* Project object */;
			proxyType = 1;
			remoteGlobalIDString = 963774752CBE305A00FFFCBA;
			remoteInfo = DishDash;
		};
/* End PBXContainerItemProxy section */

/* Begin PBXFileReference section */
		963774762CBE305A00FFFCBA /* DishDash.app */ = {isa = PBXFileReference; explicitFileType = wrapper.application; includeInIndex = 0; path = DishDash.app; sourceTree = BUILT_PRODUCTS_DIR; };
		9637748F2CBE305B00FFFCBA /* DishDashTests.xctest */ = {isa = PBXFileReference; explicitFileType = wrapper.cfbundle; includeInIndex = 0; path = DishDashTests.xctest; sourceTree = BUILT_PRODUCTS_DIR; };
		963774992CBE305B00FFFCBA /* DishDashUITests.xctest */ = {isa = PBXFileReference; explicitFileType = wrapper.cfbundle; includeInIndex = 0; path = DishDashUITests.xctest; sourceTree = BUILT_PRODUCTS_DIR; };
		968BAE4B2CDC3D4B00DBFCB2 /* DishDashGameContext.swift */ = {isa = PBXFileReference; lastKnownFileType = sourcecode.swift; path = DishDashGameContext.swift; sourceTree = "<group>"; };
		96DEC1482CD97E98004F914F /* Actions.sks */ = {isa = PBXFileReference; lastKnownFileType = file.sks; path = Actions.sks; sourceTree = "<group>"; };
		96DEC14A2CD97E98004F914F /* Assets.xcassets */ = {isa = PBXFileReference; lastKnownFileType = folder.assetcatalog; path = Assets.xcassets; sourceTree = "<group>"; };
		96DEC14B2CD97E98004F914F /* GameScene.sks */ = {isa = PBXFileReference; lastKnownFileType = file.sks; path = GameScene.sks; sourceTree = "<group>"; };
		96DEC14C2CD97E98004F914F /* GameScene.swift */ = {isa = PBXFileReference; lastKnownFileType = sourcecode.swift; path = GameScene.swift; sourceTree = "<group>"; };
		96DEC14D2CD97E98004F914F /* GameViewController.swift */ = {isa = PBXFileReference; lastKnownFileType = sourcecode.swift; path = GameViewController.swift; sourceTree = "<group>"; };
		96DEC1502CD97E98004F914F /* Base */ = {isa = PBXFileReference; lastKnownFileType = file.storyboard; name = Base; path = Base.lproj/Main.storyboard; sourceTree = "<group>"; };
		96DEC1512CD97E98004F914F /* Base */ = {isa = PBXFileReference; lastKnownFileType = file.storyboard; name = Base; path = Base.lproj/LaunchScreen.storyboard; sourceTree = "<group>"; };
		96DEC1682CD97FAA004F914F /* Dependencies.swift */ = {isa = PBXFileReference; lastKnownFileType = sourcecode.swift; path = Dependencies.swift; sourceTree = "<group>"; };
		96DEC1692CD97FAA004F914F /* GameContext.swift */ = {isa = PBXFileReference; lastKnownFileType = sourcecode.swift; path = GameContext.swift; sourceTree = "<group>"; };
		96DEC16A2CD97FAA004F914F /* GameModeType.swift */ = {isa = PBXFileReference; lastKnownFileType = sourcecode.swift; path = GameModeType.swift; sourceTree = "<group>"; };
		96DEC16B2CD97FAA004F914F /* GameType.swift */ = {isa = PBXFileReference; lastKnownFileType = sourcecode.swift; path = GameType.swift; sourceTree = "<group>"; };
		96DEC1852CD9B64F004F914F /* Assets 2.xcassets */ = {isa = PBXFileReference; lastKnownFileType = folder.assetcatalog; path = "Assets 2.xcassets"; sourceTree = "<group>"; };
		96DEC1892CD9BE9B004F914F /* RestaurantTileSet.sks */ = {isa = PBXFileReference; lastKnownFileType = file.sks; path = RestaurantTileSet.sks; sourceTree = "<group>"; };
/* End PBXFileReference section */

/* Begin PBXFileSystemSynchronizedRootGroup section */
		963774782CBE305A00FFFCBA /* DishDash */ = {
			isa = PBXFileSystemSynchronizedRootGroup;
			path = DishDash;
			sourceTree = "<group>";
		};
		963774922CBE305B00FFFCBA /* DishDashTests */ = {
			isa = PBXFileSystemSynchronizedRootGroup;
			path = DishDashTests;
			sourceTree = "<group>";
		};
		9637749C2CBE305B00FFFCBA /* DishDashUITests */ = {
			isa = PBXFileSystemSynchronizedRootGroup;
			path = DishDashUITests;
			sourceTree = "<group>";
		};
		96DEC16F2CD98096004F914F /* Nodes */ = {
			isa = PBXFileSystemSynchronizedRootGroup;
			path = Nodes;
			sourceTree = "<group>";
		};
/* End PBXFileSystemSynchronizedRootGroup section */

/* Begin PBXFrameworksBuildPhase section */
		963774732CBE305A00FFFCBA /* Frameworks */ = {
			isa = PBXFrameworksBuildPhase;
			buildActionMask = 2147483647;
			files = (
			);
			runOnlyForDeploymentPostprocessing = 0;
		};
		9637748C2CBE305B00FFFCBA /* Frameworks */ = {
			isa = PBXFrameworksBuildPhase;
			buildActionMask = 2147483647;
			files = (
			);
			runOnlyForDeploymentPostprocessing = 0;
		};
		963774962CBE305B00FFFCBA /* Frameworks */ = {
			isa = PBXFrameworksBuildPhase;
			buildActionMask = 2147483647;
			files = (
			);
			runOnlyForDeploymentPostprocessing = 0;
		};
/* End PBXFrameworksBuildPhase section */

/* Begin PBXGroup section */
		9637746D2CBE305A00FFFCBA = {
			isa = PBXGroup;
			children = (
				96DEC16D2CD9808F004F914F /* Code */,
				96DEC16C2CD97FDA004F914F /* Assets */,
				96DEC1672CD97F9F004F914F /* Base */,
				963774782CBE305A00FFFCBA /* DishDash */,
				963774922CBE305B00FFFCBA /* DishDashTests */,
				9637749C2CBE305B00FFFCBA /* DishDashUITests */,
				963774772CBE305A00FFFCBA /* Products */,
			);
			sourceTree = "<group>";
		};
		963774772CBE305A00FFFCBA /* Products */ = {
			isa = PBXGroup;
			children = (
				963774762CBE305A00FFFCBA /* DishDash.app */,
				9637748F2CBE305B00FFFCBA /* DishDashTests.xctest */,
				963774992CBE305B00FFFCBA /* DishDashUITests.xctest */,
			);
			name = Products;
			sourceTree = "<group>";
		};
		96DEC1672CD97F9F004F914F /* Base */ = {
			isa = PBXGroup;
			children = (
				96DEC1682CD97FAA004F914F /* Dependencies.swift */,
				96DEC1692CD97FAA004F914F /* GameContext.swift */,
				96DEC16A2CD97FAA004F914F /* GameModeType.swift */,
				96DEC16B2CD97FAA004F914F /* GameType.swift */,
			);
			path = Base;
			sourceTree = "<group>";
		};
		96DEC16C2CD97FDA004F914F /* Assets */ = {
			isa = PBXGroup;
			children = (
				96DEC14A2CD97E98004F914F /* Assets.xcassets */,
				96DEC1852CD9B64F004F914F /* Assets 2.xcassets */,
			);
			path = Assets;
			sourceTree = "<group>";
		};
		96DEC16D2CD9808F004F914F /* Code */ = {
			isa = PBXGroup;
			children = (
				96DEC16F2CD98096004F914F /* Nodes */,
				96DEC1482CD97E98004F914F /* Actions.sks */,
				96DEC1892CD9BE9B004F914F /* RestaurantTileSet.sks */,
				96DEC14B2CD97E98004F914F /* GameScene.sks */,
				96DEC14C2CD97E98004F914F /* GameScene.swift */,
				96DEC14D2CD97E98004F914F /* GameViewController.swift */,
				96DEC14E2CD97E98004F914F /* LaunchScreen.storyboard */,
				96DEC14F2CD97E98004F914F /* Main.storyboard */,
				968BAE4B2CDC3D4B00DBFCB2 /* DishDashGameContext.swift */,
			);
			path = Code;
			sourceTree = "<group>";
		};
/* End PBXGroup section */

/* Begin PBXNativeTarget section */
		963774752CBE305A00FFFCBA /* DishDash */ = {
			isa = PBXNativeTarget;
			buildConfigurationList = 963774A32CBE305B00FFFCBA /* Build configuration list for PBXNativeTarget "DishDash" */;
			buildPhases = (
				963774722CBE305A00FFFCBA /* Sources */,
				963774732CBE305A00FFFCBA /* Frameworks */,
				963774742CBE305A00FFFCBA /* Resources */,
			);
			buildRules = (
			);
			dependencies = (
			);
			fileSystemSynchronizedGroups = (
				963774782CBE305A00FFFCBA /* DishDash */,
				96DEC16F2CD98096004F914F /* Nodes */,
			);
			name = DishDash;
			packageProductDependencies = (
			);
			productName = DishDash;
			productReference = 963774762CBE305A00FFFCBA /* DishDash.app */;
			productType = "com.apple.product-type.application";
		};
		9637748E2CBE305B00FFFCBA /* DishDashTests */ = {
			isa = PBXNativeTarget;
			buildConfigurationList = 963774A62CBE305B00FFFCBA /* Build configuration list for PBXNativeTarget "DishDashTests" */;
			buildPhases = (
				9637748B2CBE305B00FFFCBA /* Sources */,
				9637748C2CBE305B00FFFCBA /* Frameworks */,
				9637748D2CBE305B00FFFCBA /* Resources */,
			);
			buildRules = (
			);
			dependencies = (
				963774912CBE305B00FFFCBA /* PBXTargetDependency */,
			);
			fileSystemSynchronizedGroups = (
				963774922CBE305B00FFFCBA /* DishDashTests */,
			);
			name = DishDashTests;
			packageProductDependencies = (
			);
			productName = DishDashTests;
			productReference = 9637748F2CBE305B00FFFCBA /* DishDashTests.xctest */;
			productType = "com.apple.product-type.bundle.unit-test";
		};
		963774982CBE305B00FFFCBA /* DishDashUITests */ = {
			isa = PBXNativeTarget;
			buildConfigurationList = 963774A92CBE305B00FFFCBA /* Build configuration list for PBXNativeTarget "DishDashUITests" */;
			buildPhases = (
				963774952CBE305B00FFFCBA /* Sources */,
				963774962CBE305B00FFFCBA /* Frameworks */,
				963774972CBE305B00FFFCBA /* Resources */,
			);
			buildRules = (
			);
			dependencies = (
				9637749B2CBE305B00FFFCBA /* PBXTargetDependency */,
			);
			fileSystemSynchronizedGroups = (
				9637749C2CBE305B00FFFCBA /* DishDashUITests */,
			);
			name = DishDashUITests;
			packageProductDependencies = (
			);
			productName = DishDashUITests;
			productReference = 963774992CBE305B00FFFCBA /* DishDashUITests.xctest */;
			productType = "com.apple.product-type.bundle.ui-testing";
		};
/* End PBXNativeTarget section */

/* Begin PBXProject section */
		9637746E2CBE305A00FFFCBA /* Project object */ = {
			isa = PBXProject;
			attributes = {
				BuildIndependentTargetsInParallel = 1;
				LastSwiftUpdateCheck = 1600;
				LastUpgradeCheck = 1600;
				TargetAttributes = {
					963774752CBE305A00FFFCBA = {
						CreatedOnToolsVersion = 16.0;
					};
					9637748E2CBE305B00FFFCBA = {
						CreatedOnToolsVersion = 16.0;
						TestTargetID = 963774752CBE305A00FFFCBA;
					};
					963774982CBE305B00FFFCBA = {
						CreatedOnToolsVersion = 16.0;
						TestTargetID = 963774752CBE305A00FFFCBA;
					};
				};
			};
			buildConfigurationList = 963774712CBE305A00FFFCBA /* Build configuration list for PBXProject "DishDash" */;
			developmentRegion = en;
			hasScannedForEncodings = 0;
			knownRegions = (
				en,
				Base,
			);
			mainGroup = 9637746D2CBE305A00FFFCBA;
			minimizedProjectReferenceProxies = 1;
			preferredProjectObjectVersion = 77;
			productRefGroup = 963774772CBE305A00FFFCBA /* Products */;
			projectDirPath = "";
			projectRoot = "";
			targets = (
				963774752CBE305A00FFFCBA /* DishDash */,
				9637748E2CBE305B00FFFCBA /* DishDashTests */,
				963774982CBE305B00FFFCBA /* DishDashUITests */,
			);
		};
/* End PBXProject section */

/* Begin PBXResourcesBuildPhase section */
		963774742CBE305A00FFFCBA /* Resources */ = {
			isa = PBXResourcesBuildPhase;
			buildActionMask = 2147483647;
			files = (
				96DEC1522CD97E98004F914F /* Actions.sks in Resources */,
				96DEC1532CD97E98004F914F /* Assets.xcassets in Resources */,
				96DEC1542CD97E98004F914F /* GameScene.sks in Resources */,
				96DEC1552CD97E98004F914F /* LaunchScreen.storyboard in Resources */,
				96DEC1562CD97E98004F914F /* Main.storyboard in Resources */,
				96DEC18A2CD9BE9B004F914F /* RestaurantTileSet.sks in Resources */,
				96DEC1872CD9B64F004F914F /* Assets 2.xcassets in Resources */,
			);
			runOnlyForDeploymentPostprocessing = 0;
		};
		9637748D2CBE305B00FFFCBA /* Resources */ = {
			isa = PBXResourcesBuildPhase;
			buildActionMask = 2147483647;
			files = (
			);
			runOnlyForDeploymentPostprocessing = 0;
		};
		963774972CBE305B00FFFCBA /* Resources */ = {
			isa = PBXResourcesBuildPhase;
			buildActionMask = 2147483647;
			files = (
			);
			runOnlyForDeploymentPostprocessing = 0;
		};
/* End PBXResourcesBuildPhase section */

/* Begin PBXSourcesBuildPhase section */
		963774722CBE305A00FFFCBA /* Sources */ = {
			isa = PBXSourcesBuildPhase;
			buildActionMask = 2147483647;
			files = (
				96DEC1582CD97E98004F914F /* GameScene.swift in Sources */,
				968BAE4C2CDC3D4B00DBFCB2 /* DishDashGameContext.swift in Sources */,
				96DEC1732CD981D4004F914F /* GameContext.swift in Sources */,
				96DEC1742CD981D4004F914F /* Dependencies.swift in Sources */,
				96DEC1752CD981D4004F914F /* GameModeType.swift in Sources */,
				96DEC1762CD981D4004F914F /* GameType.swift in Sources */,
				96DEC1592CD97E98004F914F /* GameViewController.swift in Sources */,
			);
			runOnlyForDeploymentPostprocessing = 0;
		};
		9637748B2CBE305B00FFFCBA /* Sources */ = {
			isa = PBXSourcesBuildPhase;
			buildActionMask = 2147483647;
			files = (
			);
			runOnlyForDeploymentPostprocessing = 0;
		};
		963774952CBE305B00FFFCBA /* Sources */ = {
			isa = PBXSourcesBuildPhase;
			buildActionMask = 2147483647;
			files = (
			);
			runOnlyForDeploymentPostprocessing = 0;
		};
/* End PBXSourcesBuildPhase section */

/* Begin PBXTargetDependency section */
		963774912CBE305B00FFFCBA /* PBXTargetDependency */ = {
			isa = PBXTargetDependency;
			target = 963774752CBE305A00FFFCBA /* DishDash */;
			targetProxy = 963774902CBE305B00FFFCBA /* PBXContainerItemProxy */;
		};
		9637749B2CBE305B00FFFCBA /* PBXTargetDependency */ = {
			isa = PBXTargetDependency;
			target = 963774752CBE305A00FFFCBA /* DishDash */;
			targetProxy = 9637749A2CBE305B00FFFCBA /* PBXContainerItemProxy */;
		};
/* End PBXTargetDependency section */

/* Begin PBXVariantGroup section */
		96DEC14E2CD97E98004F914F /* LaunchScreen.storyboard */ = {
			isa = PBXVariantGroup;
			children = (
				96DEC1512CD97E98004F914F /* Base */,
			);
			name = LaunchScreen.storyboard;
			sourceTree = "<group>";
		};
		96DEC14F2CD97E98004F914F /* Main.storyboard */ = {
			isa = PBXVariantGroup;
			children = (
				96DEC1502CD97E98004F914F /* Base */,
			);
			name = Main.storyboard;
			sourceTree = "<group>";
		};
/* End PBXVariantGroup section */

/* Begin XCBuildConfiguration section */
		963774A12CBE305B00FFFCBA /* Debug */ = {
			isa = XCBuildConfiguration;
			buildSettings = {
				ALWAYS_SEARCH_USER_PATHS = NO;
				ASSETCATALOG_COMPILER_GENERATE_SWIFT_ASSET_SYMBOL_EXTENSIONS = YES;
				CLANG_ANALYZER_NONNULL = YES;
				CLANG_ANALYZER_NUMBER_OBJECT_CONVERSION = YES_AGGRESSIVE;
				CLANG_CXX_LANGUAGE_STANDARD = "gnu++20";
				CLANG_ENABLE_MODULES = YES;
				CLANG_ENABLE_OBJC_ARC = YES;
				CLANG_ENABLE_OBJC_WEAK = YES;
				CLANG_WARN_BLOCK_CAPTURE_AUTORELEASING = YES;
				CLANG_WARN_BOOL_CONVERSION = YES;
				CLANG_WARN_COMMA = YES;
				CLANG_WARN_CONSTANT_CONVERSION = YES;
				CLANG_WARN_DEPRECATED_OBJC_IMPLEMENTATIONS = YES;
				CLANG_WARN_DIRECT_OBJC_ISA_USAGE = YES_ERROR;
				CLANG_WARN_DOCUMENTATION_COMMENTS = YES;
				CLANG_WARN_EMPTY_BODY = YES;
				CLANG_WARN_ENUM_CONVERSION = YES;
				CLANG_WARN_INFINITE_RECURSION = YES;
				CLANG_WARN_INT_CONVERSION = YES;
				CLANG_WARN_NON_LITERAL_NULL_CONVERSION = YES;
				CLANG_WARN_OBJC_IMPLICIT_RETAIN_SELF = YES;
				CLANG_WARN_OBJC_LITERAL_CONVERSION = YES;
				CLANG_WARN_OBJC_ROOT_CLASS = YES_ERROR;
				CLANG_WARN_QUOTED_INCLUDE_IN_FRAMEWORK_HEADER = YES;
				CLANG_WARN_RANGE_LOOP_ANALYSIS = YES;
				CLANG_WARN_STRICT_PROTOTYPES = YES;
				CLANG_WARN_SUSPICIOUS_MOVE = YES;
				CLANG_WARN_UNGUARDED_AVAILABILITY = YES_AGGRESSIVE;
				CLANG_WARN_UNREACHABLE_CODE = YES;
				CLANG_WARN__DUPLICATE_METHOD_MATCH = YES;
				COPY_PHASE_STRIP = NO;
				DEBUG_INFORMATION_FORMAT = dwarf;
				ENABLE_STRICT_OBJC_MSGSEND = YES;
				ENABLE_TESTABILITY = YES;
				ENABLE_USER_SCRIPT_SANDBOXING = YES;
				GCC_C_LANGUAGE_STANDARD = gnu17;
				GCC_DYNAMIC_NO_PIC = NO;
				GCC_NO_COMMON_BLOCKS = YES;
				GCC_OPTIMIZATION_LEVEL = 0;
				GCC_PREPROCESSOR_DEFINITIONS = (
					"DEBUG=1",
					"$(inherited)",
				);
				GCC_WARN_64_TO_32_BIT_CONVERSION = YES;
				GCC_WARN_ABOUT_RETURN_TYPE = YES_ERROR;
				GCC_WARN_UNDECLARED_SELECTOR = YES;
				GCC_WARN_UNINITIALIZED_AUTOS = YES_AGGRESSIVE;
				GCC_WARN_UNUSED_FUNCTION = YES;
				GCC_WARN_UNUSED_VARIABLE = YES;
				IPHONEOS_DEPLOYMENT_TARGET = 18.0;
				LOCALIZATION_PREFERS_STRING_CATALOGS = YES;
				MTL_ENABLE_DEBUG_INFO = INCLUDE_SOURCE;
				MTL_FAST_MATH = YES;
				ONLY_ACTIVE_ARCH = YES;
				SDKROOT = iphoneos;
				SWIFT_ACTIVE_COMPILATION_CONDITIONS = "DEBUG $(inherited)";
				SWIFT_OPTIMIZATION_LEVEL = "-Onone";
			};
			name = Debug;
		};
		963774A22CBE305B00FFFCBA /* Release */ = {
			isa = XCBuildConfiguration;
			buildSettings = {
				ALWAYS_SEARCH_USER_PATHS = NO;
				ASSETCATALOG_COMPILER_GENERATE_SWIFT_ASSET_SYMBOL_EXTENSIONS = YES;
				CLANG_ANALYZER_NONNULL = YES;
				CLANG_ANALYZER_NUMBER_OBJECT_CONVERSION = YES_AGGRESSIVE;
				CLANG_CXX_LANGUAGE_STANDARD = "gnu++20";
				CLANG_ENABLE_MODULES = YES;
				CLANG_ENABLE_OBJC_ARC = YES;
				CLANG_ENABLE_OBJC_WEAK = YES;
				CLANG_WARN_BLOCK_CAPTURE_AUTORELEASING = YES;
				CLANG_WARN_BOOL_CONVERSION = YES;
				CLANG_WARN_COMMA = YES;
				CLANG_WARN_CONSTANT_CONVERSION = YES;
				CLANG_WARN_DEPRECATED_OBJC_IMPLEMENTATIONS = YES;
				CLANG_WARN_DIRECT_OBJC_ISA_USAGE = YES_ERROR;
				CLANG_WARN_DOCUMENTATION_COMMENTS = YES;
				CLANG_WARN_EMPTY_BODY = YES;
				CLANG_WARN_ENUM_CONVERSION = YES;
				CLANG_WARN_INFINITE_RECURSION = YES;
				CLANG_WARN_INT_CONVERSION = YES;
				CLANG_WARN_NON_LITERAL_NULL_CONVERSION = YES;
				CLANG_WARN_OBJC_IMPLICIT_RETAIN_SELF = YES;
				CLANG_WARN_OBJC_LITERAL_CONVERSION = YES;
				CLANG_WARN_OBJC_ROOT_CLASS = YES_ERROR;
				CLANG_WARN_QUOTED_INCLUDE_IN_FRAMEWORK_HEADER = YES;
				CLANG_WARN_RANGE_LOOP_ANALYSIS = YES;
				CLANG_WARN_STRICT_PROTOTYPES = YES;
				CLANG_WARN_SUSPICIOUS_MOVE = YES;
				CLANG_WARN_UNGUARDED_AVAILABILITY = YES_AGGRESSIVE;
				CLANG_WARN_UNREACHABLE_CODE = YES;
				CLANG_WARN__DUPLICATE_METHOD_MATCH = YES;
				COPY_PHASE_STRIP = NO;
				DEBUG_INFORMATION_FORMAT = "dwarf-with-dsym";
				ENABLE_NS_ASSERTIONS = NO;
				ENABLE_STRICT_OBJC_MSGSEND = YES;
				ENABLE_USER_SCRIPT_SANDBOXING = YES;
				GCC_C_LANGUAGE_STANDARD = gnu17;
				GCC_NO_COMMON_BLOCKS = YES;
				GCC_WARN_64_TO_32_BIT_CONVERSION = YES;
				GCC_WARN_ABOUT_RETURN_TYPE = YES_ERROR;
				GCC_WARN_UNDECLARED_SELECTOR = YES;
				GCC_WARN_UNINITIALIZED_AUTOS = YES_AGGRESSIVE;
				GCC_WARN_UNUSED_FUNCTION = YES;
				GCC_WARN_UNUSED_VARIABLE = YES;
				IPHONEOS_DEPLOYMENT_TARGET = 18.0;
				LOCALIZATION_PREFERS_STRING_CATALOGS = YES;
				MTL_ENABLE_DEBUG_INFO = NO;
				MTL_FAST_MATH = YES;
				SDKROOT = iphoneos;
				SWIFT_COMPILATION_MODE = wholemodule;
				VALIDATE_PRODUCT = YES;
			};
			name = Release;
		};
		963774A42CBE305B00FFFCBA /* Debug */ = {
			isa = XCBuildConfiguration;
			buildSettings = {
				ASSETCATALOG_COMPILER_APPICON_NAME = AppIcon;
				ASSETCATALOG_COMPILER_GLOBAL_ACCENT_COLOR_NAME = AccentColor;
				CODE_SIGN_STYLE = Automatic;
				CURRENT_PROJECT_VERSION = 1;
				DEVELOPMENT_TEAM = N74E93PMQ8;
				GENERATE_INFOPLIST_FILE = YES;
				INFOPLIST_KEY_UIApplicationSupportsIndirectInputEvents = YES;
				INFOPLIST_KEY_UILaunchStoryboardName = LaunchScreen;
				INFOPLIST_KEY_UIMainStoryboardFile = Main;
				INFOPLIST_KEY_UIStatusBarHidden = YES;
				INFOPLIST_KEY_UISupportedInterfaceOrientations_iPad = "UIInterfaceOrientationPortrait UIInterfaceOrientationPortraitUpsideDown UIInterfaceOrientationLandscapeLeft UIInterfaceOrientationLandscapeRight";
				INFOPLIST_KEY_UISupportedInterfaceOrientations_iPhone = "UIInterfaceOrientationPortrait UIInterfaceOrientationLandscapeLeft UIInterfaceOrientationLandscapeRight";
				LD_RUNPATH_SEARCH_PATHS = (
					"$(inherited)",
					"@executable_path/Frameworks",
				);
				MARKETING_VERSION = 1.0;
				PRODUCT_BUNDLE_IDENTIFIER = com.hunterhan.DishDash;
				PRODUCT_NAME = "$(TARGET_NAME)";
				SWIFT_EMIT_LOC_STRINGS = YES;
				SWIFT_VERSION = 5.0;
				TARGETED_DEVICE_FAMILY = "1,2";
			};
			name = Debug;
		};
		963774A52CBE305B00FFFCBA /* Release */ = {
			isa = XCBuildConfiguration;
			buildSettings = {
				ASSETCATALOG_COMPILER_APPICON_NAME = AppIcon;
				ASSETCATALOG_COMPILER_GLOBAL_ACCENT_COLOR_NAME = AccentColor;
				CODE_SIGN_STYLE = Automatic;
				CURRENT_PROJECT_VERSION = 1;
				DEVELOPMENT_TEAM = N74E93PMQ8;
				GENERATE_INFOPLIST_FILE = YES;
				INFOPLIST_KEY_UIApplicationSupportsIndirectInputEvents = YES;
				INFOPLIST_KEY_UILaunchStoryboardName = LaunchScreen;
				INFOPLIST_KEY_UIMainStoryboardFile = Main;
				INFOPLIST_KEY_UIStatusBarHidden = YES;
				INFOPLIST_KEY_UISupportedInterfaceOrientations_iPad = "UIInterfaceOrientationPortrait UIInterfaceOrientationPortraitUpsideDown UIInterfaceOrientationLandscapeLeft UIInterfaceOrientationLandscapeRight";
				INFOPLIST_KEY_UISupportedInterfaceOrientations_iPhone = "UIInterfaceOrientationPortrait UIInterfaceOrientationLandscapeLeft UIInterfaceOrientationLandscapeRight";
				LD_RUNPATH_SEARCH_PATHS = (
					"$(inherited)",
					"@executable_path/Frameworks",
				);
				MARKETING_VERSION = 1.0;
				PRODUCT_BUNDLE_IDENTIFIER = com.hunterhan.DishDash;
				PRODUCT_NAME = "$(TARGET_NAME)";
				SWIFT_EMIT_LOC_STRINGS = YES;
				SWIFT_VERSION = 5.0;
				TARGETED_DEVICE_FAMILY = "1,2";
			};
			name = Release;
		};
		963774A72CBE305B00FFFCBA /* Debug */ = {
			isa = XCBuildConfiguration;
			buildSettings = {
				BUNDLE_LOADER = "$(TEST_HOST)";
				CODE_SIGN_STYLE = Automatic;
				CURRENT_PROJECT_VERSION = 1;
				DEVELOPMENT_TEAM = N74E93PMQ8;
				GENERATE_INFOPLIST_FILE = YES;
				IPHONEOS_DEPLOYMENT_TARGET = 18.0;
				MARKETING_VERSION = 1.0;
				PRODUCT_BUNDLE_IDENTIFIER = com.hunterhan.DishDashTests;
				PRODUCT_NAME = "$(TARGET_NAME)";
				SWIFT_EMIT_LOC_STRINGS = NO;
				SWIFT_VERSION = 5.0;
				TARGETED_DEVICE_FAMILY = "1,2";
				TEST_HOST = "$(BUILT_PRODUCTS_DIR)/DishDash.app/$(BUNDLE_EXECUTABLE_FOLDER_PATH)/DishDash";
			};
			name = Debug;
		};
		963774A82CBE305B00FFFCBA /* Release */ = {
			isa = XCBuildConfiguration;
			buildSettings = {
				BUNDLE_LOADER = "$(TEST_HOST)";
				CODE_SIGN_STYLE = Automatic;
				CURRENT_PROJECT_VERSION = 1;
				DEVELOPMENT_TEAM = N74E93PMQ8;
				GENERATE_INFOPLIST_FILE = YES;
				IPHONEOS_DEPLOYMENT_TARGET = 18.0;
				MARKETING_VERSION = 1.0;
				PRODUCT_BUNDLE_IDENTIFIER = com.hunterhan.DishDashTests;
				PRODUCT_NAME = "$(TARGET_NAME)";
				SWIFT_EMIT_LOC_STRINGS = NO;
				SWIFT_VERSION = 5.0;
				TARGETED_DEVICE_FAMILY = "1,2";
				TEST_HOST = "$(BUILT_PRODUCTS_DIR)/DishDash.app/$(BUNDLE_EXECUTABLE_FOLDER_PATH)/DishDash";
			};
			name = Release;
		};
		963774AA2CBE305B00FFFCBA /* Debug */ = {
			isa = XCBuildConfiguration;
			buildSettings = {
				CODE_SIGN_STYLE = Automatic;
				CURRENT_PROJECT_VERSION = 1;
				DEVELOPMENT_TEAM = N74E93PMQ8;
				GENERATE_INFOPLIST_FILE = YES;
				MARKETING_VERSION = 1.0;
				PRODUCT_BUNDLE_IDENTIFIER = com.hunterhan.DishDashUITests;
				PRODUCT_NAME = "$(TARGET_NAME)";
				SWIFT_EMIT_LOC_STRINGS = NO;
				SWIFT_VERSION = 5.0;
				TARGETED_DEVICE_FAMILY = "1,2";
				TEST_TARGET_NAME = DishDash;
			};
			name = Debug;
		};
		963774AB2CBE305B00FFFCBA /* Release */ = {
			isa = XCBuildConfiguration;
			buildSettings = {
				CODE_SIGN_STYLE = Automatic;
				CURRENT_PROJECT_VERSION = 1;
				DEVELOPMENT_TEAM = N74E93PMQ8;
				GENERATE_INFOPLIST_FILE = YES;
				MARKETING_VERSION = 1.0;
				PRODUCT_BUNDLE_IDENTIFIER = com.hunterhan.DishDashUITests;
				PRODUCT_NAME = "$(TARGET_NAME)";
				SWIFT_EMIT_LOC_STRINGS = NO;
				SWIFT_VERSION = 5.0;
				TARGETED_DEVICE_FAMILY = "1,2";
				TEST_TARGET_NAME = DishDash;
			};
			name = Release;
		};
/* End XCBuildConfiguration section */

/* Begin XCConfigurationList section */
		963774712CBE305A00FFFCBA /* Build configuration list for PBXProject "DishDash" */ = {
			isa = XCConfigurationList;
			buildConfigurations = (
				963774A12CBE305B00FFFCBA /* Debug */,
				963774A22CBE305B00FFFCBA /* Release */,
			);
			defaultConfigurationIsVisible = 0;
			defaultConfigurationName = Release;
		};
		963774A32CBE305B00FFFCBA /* Build configuration list for PBXNativeTarget "DishDash" */ = {
			isa = XCConfigurationList;
			buildConfigurations = (
				963774A42CBE305B00FFFCBA /* Debug */,
				963774A52CBE305B00FFFCBA /* Release */,
			);
			defaultConfigurationIsVisible = 0;
			defaultConfigurationName = Release;
		};
		963774A62CBE305B00FFFCBA /* Build configuration list for PBXNativeTarget "DishDashTests" */ = {
			isa = XCConfigurationList;
			buildConfigurations = (
				963774A72CBE305B00FFFCBA /* Debug */,
				963774A82CBE305B00FFFCBA /* Release */,
			);
			defaultConfigurationIsVisible = 0;
			defaultConfigurationName = Release;
		};
		963774A92CBE305B00FFFCBA /* Build configuration list for PBXNativeTarget "DishDashUITests" */ = {
			isa = XCConfigurationList;
			buildConfigurations = (
				963774AA2CBE305B00FFFCBA /* Debug */,
				963774AB2CBE305B00FFFCBA /* Release */,
			);
			defaultConfigurationIsVisible = 0;
			defaultConfigurationName = Release;
		};
/* End XCConfigurationList section */
	};
	rootObject = 9637746E2CBE305A00FFFCBA /* Project object */;
}
